# This file is autogenerated, do not edit; changes may be undone by the next 'dep ensure'.


[[projects]]
  name = "github.com/PuerkitoBio/goquery"
  packages = ["."]
  revision = "e1271ee34c6a305e38566ecd27ae374944907ee9"
  version = "v1.1.0"

[[projects]]
  branch = "master"
  name = "github.com/andybalholm/cascadia"
  packages = ["."]
  revision = "349dd0209470eabd9514242c688c403c0926d266"

[[projects]]
  name = "github.com/dlclark/regexp2"
  packages = [".","syntax"]
  revision = "487489b64fb796de2e55f4e8a4ad1e145f80e957"
  version = "v1.1.6"

[[projects]]
  branch = "master"
  name = "github.com/dop251/goja"
  packages = [".","ast","file","parser","token"]
  revision = "86862cf74a095d3fc57ad938304d5026bf2a4779"

[[projects]]
  branch = "master"
  name = "github.com/peterhellberg/flip"
  packages = ["."]
  revision = "257af0af4f90b328843f0031aaba06f4b0c9c684"

[[projects]]
  branch = "master"
  name = "github.com/peterhellberg/giphy"
  packages = ["."]
  revision = "091ba7d7516de5d780c612658d3e31f12e2c6bac"

[[projects]]
  branch = "master"
  name = "github.com/peterhellberg/hi"
  packages = ["."]
  revision = "0e70976ad5c3278293284c00af0314332fa61470"

[[projects]]
  branch = "master"
  name = "golang.org/x/crypto"
  packages = ["curve25519","ed25519","ed25519/internal/edwards25519","ssh"]
  revision = "0fcca4842a8d74bfddc2c96a073bd2a4d2a7a2e8"

[[projects]]
  branch = "master"
  name = "golang.org/x/net"
  packages = ["html","html/atom"]
  revision = "d866cfc389cec985d6fda2859936a575a55a3ab6"

[[projects]]
  branch = "master"
  name = "golang.org/x/text"
  packages = ["cases","collate","collate/build","internal","internal/colltab","internal/gen","internal/tag","internal/triegen","internal/ucd","language","transform","unicode/cldr","unicode/norm"]
  revision = "e19ae1496984b1c655b8044a65c0300a3c878dd3"

[solve-meta]
  analyzer-name = "dep"
  analyzer-version = 1
  inputs-digest = "92f8da043f6e83bd56aba483fff7f70ebc73292130fc9e6eaeac1af4a9b61731"
  solver-name = "gps-cdcl"
  solver-version = 1
