# This file is autogenerated, do not edit; changes may be undone by the next 'dep ensure'.


[[projects]]
  name = "github.com/PuerkitoBio/goquery"
  packages = ["."]
  revision = "e1271ee34c6a305e38566ecd27ae374944907ee9"
  version = "v1.1.0"

[[projects]]
  branch = "master"
  name = "github.com/andybalholm/cascadia"
  packages = ["."]
  revision = "349dd0209470eabd9514242c688c403c0926d266"

[[projects]]
  branch = "master"
  name = "github.com/peterhellberg/flip"
  packages = ["."]
  revision = "257af0af4f90b328843f0031aaba06f4b0c9c684"

[[projects]]
  branch = "master"
  name = "github.com/peterhellberg/giphy"
  packages = ["."]
  revision = "091ba7d7516de5d780c612658d3e31f12e2c6bac"

[[projects]]
  branch = "master"
  name = "github.com/peterhellberg/hi"
  packages = ["."]
  revision = "0e70976ad5c3278293284c00af0314332fa61470"

[[projects]]
  branch = "master"
  name = "github.com/robertkrimen/otto"
  packages = [".","ast","dbg","file","parser","registry","token"]
  revision = "3b44b4dcb6c00477273595c312908e2412d07da6"

[[projects]]
  branch = "master"
  name = "golang.org/x/crypto"
  packages = ["curve25519","ed25519","ed25519/internal/edwards25519","ssh"]
  revision = "0fcca4842a8d74bfddc2c96a073bd2a4d2a7a2e8"

[[projects]]
  branch = "master"
  name = "golang.org/x/net"
  packages = ["html","html/atom"]
  revision = "d866cfc389cec985d6fda2859936a575a55a3ab6"

[[projects]]
  name = "gopkg.in/sourcemap.v1"
  packages = [".","base64vlq"]
  revision = "6e83acea0053641eff084973fee085f0c193c61a"
  version = "v1.0.5"

[solve-meta]
  analyzer-name = "dep"
  analyzer-version = 1
  inputs-digest = "cf37abb2e684fe3c2e5dc6301d8b135b4bdbee13326ae2eb1116e7dc6eee730e"
  solver-name = "gps-cdcl"
  solver-version = 1
